
Microsoft Visual Studio Solution File, Format Version 12.00
# Visual Studio Version 16
VisualStudioVersion = 16.0.810.11
MinimumVisualStudioVersion = 10.0.40219.1
Project("{FAE04EC0-301F-11D3-BF4B-00C04F79EFBC}") = "PublisherSunscriber", "PublisherSunscriber\PublisherSunscriber.csproj", "{99C45451-5B62-4415-B688-BF130B1E9C43}"
EndProject
Global
	GlobalSection(SolutionConfigurationPlatforms) = preSolution
		Debug|Any CPU = Debug|Any CPU
		Release|Any CPU = Release|Any CPU
	EndGlobalSection
	GlobalSection(ProjectConfigurationPlatforms) = postSolution
		{99C45451-5B62-4415-B688-BF130B1E9C43}.Debug|Any CPU.ActiveCfg = Debug|Any CPU
		{99C45451-5B62-4415-B688-BF130B1E9C43}.Debug|Any CPU.Build.0 = Debug|Any CPU
		{99C45451-5B62-4415-B688-BF130B1E9C43}.Release|Any CPU.ActiveCfg = Release|Any CPU
		{99C45451-5B62-4415-B688-BF130B1E9C43}.Release|Any CPU.Build.0 = Release|Any CPU
	EndGlobalSection
	GlobalSection(SolutionProperties) = preSolution
		HideSolutionNode = FALSE
	EndGlobalSection
	GlobalSection(ExtensibilityGlobals) = postSolution
		SolutionGuid = {5E3A9E7C-4AE0-4493-8CF7-D102B4E2C403}
	EndGlobalSection
EndGlobal
